{
  "name": "ngx-text-diff",
  "version": "0.0.1",
  "lockfileVersion": 2,
  "requires": true,
  "packages": {
    "": {
      "name": "ngx-text-diff",
      "version": "0.0.1",
      "dependencies": {
        "diff-match-patch": "^1.0.5",
        "tslib": "^2.3.0"
      },
      "peerDependencies": {
        "@angular/common": "^14.1.0",
        "@angular/core": "^14.1.0"
      }
    },
    "node_modules/@angular/common": {
      "version": "14.1.0",
      "resolved": "https://registry.npmjs.org/@angular/common/-/common-14.1.0.tgz",
      "integrity": "sha512-leethDtLbA3qySaOEBUto602DF0qH1maK9u2zHncrUFOpnHAYUEd7N9MFMdIYASurTnwOSglEoIDCML94qzImQ==",
      "peer": true,
      "dependencies": {
        "tslib": "^2.3.0"
      },
      "engines": {
        "node": "^14.15.0 || >=16.10.0"
      },
      "peerDependencies": {
        "@angular/core": "14.1.0",
        "rxjs": "^6.5.3 || ^7.4.0"
      }
    },
    "node_modules/@angular/core": {
      "version": "14.1.0",
      "resolved": "https://registry.npmjs.org/@angular/core/-/core-14.1.0.tgz",
      "integrity": "sha512-3quEsHmQifJOQ2oij5K+cjGjmhsKsyZI1+OTHWNZ6IXeuYviZv4U/Cui9fUJ1RN3CZxH3NzWB3gB/5qYFQfOgg==",
      "peer": true,
      "dependencies": {
        "tslib": "^2.3.0"
      },
      "engines": {
        "node": "^14.15.0 || >=16.10.0"
      },
      "peerDependencies": {
        "rxjs": "^6.5.3 || ^7.4.0",
        "zone.js": "~0.11.4"
      }
    },
    "node_modules/diff-match-patch": {
      "version": "1.0.5",
      "resolved": "https://registry.npmjs.org/diff-match-patch/-/diff-match-patch-1.0.5.tgz",
      "integrity": "sha512-IayShXAgj/QMXgB0IWmKx+rOPuGMhqm5w6jvFxmVenXKIzRqTAAsbBPT3kWQeGANj3jGgvcvv4yK6SxqYmikgw=="
    },
    "node_modules/rxjs": {
      "version": "7.5.6",
      "resolved": "https://registry.npmjs.org/rxjs/-/rxjs-7.5.6.tgz",
      "integrity": "sha512-dnyv2/YsXhnm461G+R/Pe5bWP41Nm6LBXEYWI6eiFP4fiwx6WRI/CD0zbdVAudd9xwLEF2IDcKXLHit0FYjUzw==",
      "peer": true,
      "dependencies": {
        "tslib": "^2.1.0"
      }
    },
    "node_modules/tslib": {
      "version": "2.4.0",
      "resolved": "https://registry.npmjs.org/tslib/-/tslib-2.4.0.tgz",
      "integrity": "sha512-d6xOpEDfsi2CZVlPQzGeux8XMwLT9hssAsaPYExaQMuYskwb+x1x7J371tWlbBdWHroy99KnVB6qIkUbs5X3UQ=="
    },
    "node_modules/zone.js": {
      "version": "0.11.7",
      "resolved": "https://registry.npmjs.org/zone.js/-/zone.js-0.11.7.tgz",
      "integrity": "sha512-e39K2EdK5JfA3FDuUTVRvPlYV4aBfnOOcGuILhQAT7nzeV12uSrLBzImUM9CDVoncDSX4brR/gwqu0heQ3BQ0g==",
      "peer": true,
      "dependencies": {
        "tslib": "^2.3.0"
      }
    }
  },
  "dependencies": {
    "@angular/common": {
      "version": "14.1.0",
      "resolved": "https://registry.npmjs.org/@angular/common/-/common-14.1.0.tgz",
      "integrity": "sha512-leethDtLbA3qySaOEBUto602DF0qH1maK9u2zHncrUFOpnHAYUEd7N9MFMdIYASurTnwOSglEoIDCML94qzImQ==",
      "peer": true,
      "requires": {
        "tslib": "^2.3.0"
      }
    },
    "@angular/core": {
      "version": "14.1.0",
      "resolved": "https://registry.npmjs.org/@angular/core/-/core-14.1.0.tgz",
      "integrity": "sha512-3quEsHmQifJOQ2oij5K+cjGjmhsKsyZI1+OTHWNZ6IXeuYviZv4U/Cui9fUJ1RN3CZxH3NzWB3gB/5qYFQfOgg==",
      "peer": true,
      "requires": {
        "tslib": "^2.3.0"
      }
    },
    "diff-match-patch": {
      "version": "1.0.5",
      "resolved": "https://registry.npmjs.org/diff-match-patch/-/diff-match-patch-1.0.5.tgz",
      "integrity": "sha512-IayShXAgj/QMXgB0IWmKx+rOPuGMhqm5w6jvFxmVenXKIzRqTAAsbBPT3kWQeGANj3jGgvcvv4yK6SxqYmikgw=="
    },
    "rxjs": {
      "version": "7.5.6",
      "resolved": "https://registry.npmjs.org/rxjs/-/rxjs-7.5.6.tgz",
      "integrity": "sha512-dnyv2/YsXhnm461G+R/Pe5bWP41Nm6LBXEYWI6eiFP4fiwx6WRI/CD0zbdVAudd9xwLEF2IDcKXLHit0FYjUzw==",
      "peer": true,
      "requires": {
        "tslib": "^2.1.0"
      }
    },
    "tslib": {
      "version": "2.4.0",
      "resolved": "https://registry.npmjs.org/tslib/-/tslib-2.4.0.tgz",
      "integrity": "sha512-d6xOpEDfsi2CZVlPQzGeux8XMwLT9hssAsaPYExaQMuYskwb+x1x7J371tWlbBdWHroy99KnVB6qIkUbs5X3UQ=="
    },
    "zone.js": {
      "version": "0.11.7",
      "resolved": "https://registry.npmjs.org/zone.js/-/zone.js-0.11.7.tgz",
      "integrity": "sha512-e39K2EdK5JfA3FDuUTVRvPlYV4aBfnOOcGuILhQAT7nzeV12uSrLBzImUM9CDVoncDSX4brR/gwqu0heQ3BQ0g==",
      "peer": true,
      "requires": {
        "tslib": "^2.3.0"
      }
    }
  }
}
